
Microsoft Visual Studio Solution File, Format Version 12.00
# Visual Studio 15
Project("{FAE04EC0-301F-11D3-BF4B-00C04F79EFBC}") = "Assembly-CSharp", "Assembly-CSharp.csproj", "{E3769A4A-A57B-5F3D-E641-46FBEEDD8C4F}"
EndProject
Project("{FAE04EC0-301F-11D3-BF4B-00C04F79EFBC}") = "Assembly-CSharp-firstpass", "Assembly-CSharp-firstpass.csproj", "{8402A5CF-8175-5658-61BE-80EE39C1E200}"
EndProject
Project("{FAE04EC0-301F-11D3-BF4B-00C04F79EFBC}") = "Assembly-CSharp-Editor-firstpass", "Assembly-CSharp-Editor-firstpass.csproj", "{8B2AAAD0-7C02-A002-9E5B-A5C72FF1CB1E}"
EndProject
Global
	GlobalSection(SolutionConfigurationPlatforms) = preSolution
		Debug|Any CPU = Debug|Any CPU
		Release|Any CPU = Release|Any CPU
	EndGlobalSection
	GlobalSection(ProjectConfigurationPlatforms) = postSolution
		{E3769A4A-A57B-5F3D-E641-46FBEEDD8C4F}.Debug|Any CPU.ActiveCfg = Debug|Any CPU
		{E3769A4A-A57B-5F3D-E641-46FBEEDD8C4F}.Debug|Any CPU.Build.0 = Debug|Any CPU
		{E3769A4A-A57B-5F3D-E641-46FBEEDD8C4F}.Release|Any CPU.ActiveCfg = Release|Any CPU
		{E3769A4A-A57B-5F3D-E641-46FBEEDD8C4F}.Release|Any CPU.Build.0 = Release|Any CPU
		{8402A5CF-8175-5658-61BE-80EE39C1E200}.Debug|Any CPU.ActiveCfg = Debug|Any CPU
		{8402A5CF-8175-5658-61BE-80EE39C1E200}.Debug|Any CPU.Build.0 = Debug|Any CPU
		{8402A5CF-8175-5658-61BE-80EE39C1E200}.Release|Any CPU.ActiveCfg = Release|Any CPU
		{8402A5CF-8175-5658-61BE-80EE39C1E200}.Release|Any CPU.Build.0 = Release|Any CPU
		{8B2AAAD0-7C02-A002-9E5B-A5C72FF1CB1E}.Debug|Any CPU.ActiveCfg = Debug|Any CPU
		{8B2AAAD0-7C02-A002-9E5B-A5C72FF1CB1E}.Debug|Any CPU.Build.0 = Debug|Any CPU
		{8B2AAAD0-7C02-A002-9E5B-A5C72FF1CB1E}.Release|Any CPU.ActiveCfg = Release|Any CPU
		{8B2AAAD0-7C02-A002-9E5B-A5C72FF1CB1E}.Release|Any CPU.Build.0 = Release|Any CPU
	EndGlobalSection
	GlobalSection(SolutionProperties) = preSolution
		HideSolutionNode = FALSE
	EndGlobalSection
EndGlobal
